
Microsoft Visual Studio Solution File, Format Version 12.00
# Visual Studio Version 16
VisualStudioVersion = 16.0.29613.14
MinimumVisualStudioVersion = 10.0.40219.1
Project("{FAE04EC0-301F-11D3-BF4B-00C04F79EFBC}") = "WeChat", "WeChat\WeChat.csproj", "{9ECE2B50-DE7D-4059-8274-3B92CA3DFB92}"
EndProject
Global
	GlobalSection(SolutionConfigurationPlatforms) = preSolution
		Debug|Any CPU = Debug|Any CPU
		Release|Any CPU = Release|Any CPU
	EndGlobalSection
	GlobalSection(ProjectConfigurationPlatforms) = postSolution
		{9ECE2B50-DE7D-4059-8274-3B92CA3DFB92}.Debug|Any CPU.ActiveCfg = Debug|Any CPU
		{9ECE2B50-DE7D-4059-8274-3B92CA3DFB92}.Debug|Any CPU.Build.0 = Debug|Any CPU
		{9ECE2B50-DE7D-4059-8274-3B92CA3DFB92}.Release|Any CPU.ActiveCfg = Release|Any CPU
		{9ECE2B50-DE7D-4059-8274-3B92CA3DFB92}.Release|Any CPU.Build.0 = Release|Any CPU
	EndGlobalSection
	GlobalSection(SolutionProperties) = preSolution
		HideSolutionNode = FALSE
	EndGlobalSection
	GlobalSection(ExtensibilityGlobals) = postSolution
		SolutionGuid = {F221D546-907B-4E6A-B920-7D0B91B7D487}
	EndGlobalSection
EndGlobal
